
Microsoft Visual Studio Solution File, Format Version 12.00
# Visual Studio Version 17
VisualStudioVersion = 17.9.34622.214
MinimumVisualStudioVersion = 10.0.40219.1
Project("{FAE04EC0-301F-11D3-BF4B-00C04F79EFBC}") = "AreaPerimetroPoligono", "AreaPerimetroPoligono\AreaPerimetroPoligono.csproj", "{B230119E-413C-4077-9F86-00C5E0F03B14}"
EndProject
Global
	GlobalSection(SolutionConfigurationPlatforms) = preSolution
		Debug|Any CPU = Debug|Any CPU
		Release|Any CPU = Release|Any CPU
	EndGlobalSection
	GlobalSection(ProjectConfigurationPlatforms) = postSolution
		{B230119E-413C-4077-9F86-00C5E0F03B14}.Debug|Any CPU.ActiveCfg = Debug|Any CPU
		{B230119E-413C-4077-9F86-00C5E0F03B14}.Debug|Any CPU.Build.0 = Debug|Any CPU
		{B230119E-413C-4077-9F86-00C5E0F03B14}.Release|Any CPU.ActiveCfg = Release|Any CPU
		{B230119E-413C-4077-9F86-00C5E0F03B14}.Release|Any CPU.Build.0 = Release|Any CPU
	EndGlobalSection
	GlobalSection(SolutionProperties) = preSolution
		HideSolutionNode = FALSE
	EndGlobalSection
	GlobalSection(ExtensibilityGlobals) = postSolution
		SolutionGuid = {C6D19252-1D37-4D49-8624-32EFA52A5118}
	EndGlobalSection
EndGlobal
